// !$*UTF8*$!
{
	archiveVersion = 1;
	classes = {
	};
	objectVersion = 50;
	objects = {

/* Begin PBXBuildFile section */
		3A4DFF0021798E24002F11BB /* CoreDataManager.swift in Sources */ = {isa = PBXBuildFile; fileRef = 3A4DFEFF21798E24002F11BB /* CoreDataManager.swift */; };
		3A6875AA217B4C6B007384BC /* FRIENDSVC.swift in Sources */ = {isa = PBXBuildFile; fileRef = 3A6875A9217B4C6B007384BC /* FRIENDSVC.swift */; };
		3A6875AC217B5678007384BC /* FriendsCell.swift in Sources */ = {isa = PBXBuildFile; fileRef = 3A6875AB217B5678007384BC /* FriendsCell.swift */; };
		3A910B37217F7CD2003444DE /* ProfileTableViewController.swift in Sources */ = {isa = PBXBuildFile; fileRef = 3A910B36217F7CD2003444DE /* ProfileTableViewController.swift */; };
		3A99BB352178EF7C00CD3A1A /* CreateProfileVC.swift in Sources */ = {isa = PBXBuildFile; fileRef = 3A99BB342178EF7C00CD3A1A /* CreateProfileVC.swift */; };
		3A99BB6D2178FBA200CD3A1A /* Investment+CoreDataClass.swift in Sources */ = {isa = PBXBuildFile; fileRef = 3A99BB672178FBA200CD3A1A /* Investment+CoreDataClass.swift */; };
		3A99BB6E2178FBA200CD3A1A /* Investment+CoreDataProperties.swift in Sources */ = {isa = PBXBuildFile; fileRef = 3A99BB682178FBA200CD3A1A /* Investment+CoreDataProperties.swift */; };
		3A99BB6F2178FBA200CD3A1A /* Profile+CoreDataClass.swift in Sources */ = {isa = PBXBuildFile; fileRef = 3A99BB692178FBA200CD3A1A /* Profile+CoreDataClass.swift */; };
		3A99BB702178FBA200CD3A1A /* Profile+CoreDataProperties.swift in Sources */ = {isa = PBXBuildFile; fileRef = 3A99BB6A2178FBA200CD3A1A /* Profile+CoreDataProperties.swift */; };
		3A99BB712178FBA200CD3A1A /* Friend+CoreDataClass.swift in Sources */ = {isa = PBXBuildFile; fileRef = 3A99BB6B2178FBA200CD3A1A /* Friend+CoreDataClass.swift */; };
		3A99BB722178FBA200CD3A1A /* Friend+CoreDataProperties.swift in Sources */ = {isa = PBXBuildFile; fileRef = 3A99BB6C2178FBA200CD3A1A /* Friend+CoreDataProperties.swift */; };
		3AC7B7F921781AB400403DC0 /* AppDelegate.swift in Sources */ = {isa = PBXBuildFile; fileRef = 3AC7B7F821781AB400403DC0 /* AppDelegate.swift */; };
		3AC7B7FB21781AB400403DC0 /* LoginVC.swift in Sources */ = {isa = PBXBuildFile; fileRef = 3AC7B7FA21781AB400403DC0 /* LoginVC.swift */; };
		3AC7B7FE21781AB400403DC0 /* Main.storyboard in Resources */ = {isa = PBXBuildFile; fileRef = 3AC7B7FC21781AB400403DC0 /* Main.storyboard */; };
		3AC7B80121781AB400403DC0 /* EverythingInCoreData.xcdatamodeld in Sources */ = {isa = PBXBuildFile; fileRef = 3AC7B7FF21781AB400403DC0 /* EverythingInCoreData.xcdatamodeld */; };
		3AC7B80321781AB500403DC0 /* Assets.xcassets in Resources */ = {isa = PBXBuildFile; fileRef = 3AC7B80221781AB500403DC0 /* Assets.xcassets */; };
		3AC7B80621781AB500403DC0 /* LaunchScreen.storyboard in Resources */ = {isa = PBXBuildFile; fileRef = 3AC7B80421781AB500403DC0 /* LaunchScreen.storyboard */; };
		3AC7B80E2178248000403DC0 /* MyProfileVC.swift in Sources */ = {isa = PBXBuildFile; fileRef = 3AC7B80D2178248000403DC0 /* MyProfileVC.swift */; };
		3AC7B8102178284500403DC0 /* man.png in Resources */ = {isa = PBXBuildFile; fileRef = 3AC7B80F2178284400403DC0 /* man.png */; };
		A176C6AC217EFF2600056DAF /* InvestmentCell.swift in Sources */ = {isa = PBXBuildFile; fileRef = A176C6AB217EFF2600056DAF /* InvestmentCell.swift */; };
		A176C6AE217EFFFD00056DAF /* InvestmentTableViewController.swift in Sources */ = {isa = PBXBuildFile; fileRef = A176C6AD217EFFFD00056DAF /* InvestmentTableViewController.swift */; };
		A1D540C3217DC95800235BB8 /* MyProfileCell.swift in Sources */ = {isa = PBXBuildFile; fileRef = A1D540C2217DC95800235BB8 /* MyProfileCell.swift */; };
/* End PBXBuildFile section */

/* Begin PBXFileReference section */
		3A4DFEFF21798E24002F11BB /* CoreDataManager.swift */ = {isa = PBXFileReference; lastKnownFileType = sourcecode.swift; path = CoreDataManager.swift; sourceTree = "<group>"; };
		3A6875A9217B4C6B007384BC /* FRIENDSVC.swift */ = {isa = PBXFileReference; lastKnownFileType = sourcecode.swift; path = FRIENDSVC.swift; sourceTree = "<group>"; };
		3A6875AB217B5678007384BC /* FriendsCell.swift */ = {isa = PBXFileReference; lastKnownFileType = sourcecode.swift; path = FriendsCell.swift; sourceTree = "<group>"; };
		3A910B36217F7CD2003444DE /* ProfileTableViewController.swift */ = {isa = PBXFileReference; lastKnownFileType = sourcecode.swift; path = ProfileTableViewController.swift; sourceTree = "<group>"; };
		3A99BB342178EF7C00CD3A1A /* CreateProfileVC.swift */ = {isa = PBXFileReference; lastKnownFileType = sourcecode.swift; path = CreateProfileVC.swift; sourceTree = "<group>"; };
		3A99BB672178FBA200CD3A1A /* Investment+CoreDataClass.swift */ = {isa = PBXFileReference; lastKnownFileType = sourcecode.swift; path = "Investment+CoreDataClass.swift"; sourceTree = "<group>"; };
		3A99BB682178FBA200CD3A1A /* Investment+CoreDataProperties.swift */ = {isa = PBXFileReference; lastKnownFileType = sourcecode.swift; path = "Investment+CoreDataProperties.swift"; sourceTree = "<group>"; };
		3A99BB692178FBA200CD3A1A /* Profile+CoreDataClass.swift */ = {isa = PBXFileReference; lastKnownFileType = sourcecode.swift; path = "Profile+CoreDataClass.swift"; sourceTree = "<group>"; };
		3A99BB6A2178FBA200CD3A1A /* Profile+CoreDataProperties.swift */ = {isa = PBXFileReference; lastKnownFileType = sourcecode.swift; path = "Profile+CoreDataProperties.swift"; sourceTree = "<group>"; };
		3A99BB6B2178FBA200CD3A1A /* Friend+CoreDataClass.swift */ = {isa = PBXFileReference; lastKnownFileType = sourcecode.swift; path = "Friend+CoreDataClass.swift"; sourceTree = "<group>"; };
		3A99BB6C2178FBA200CD3A1A /* Friend+CoreDataProperties.swift */ = {isa = PBXFileReference; lastKnownFileType = sourcecode.swift; path = "Friend+CoreDataProperties.swift"; sourceTree = "<group>"; };
		3AC7B7F521781AB400403DC0 /* EverythingInCoreData.app */ = {isa = PBXFileReference; explicitFileType = wrapper.application; includeInIndex = 0; path = EverythingInCoreData.app; sourceTree = BUILT_PRODUCTS_DIR; };
		3AC7B7F821781AB400403DC0 /* AppDelegate.swift */ = {isa = PBXFileReference; lastKnownFileType = sourcecode.swift; path = AppDelegate.swift; sourceTree = "<group>"; };
		3AC7B7FA21781AB400403DC0 /* LoginVC.swift */ = {isa = PBXFileReference; lastKnownFileType = sourcecode.swift; path = LoginVC.swift; sourceTree = "<group>"; };
		3AC7B7FD21781AB400403DC0 /* Base */ = {isa = PBXFileReference; lastKnownFileType = file.storyboard; name = Base; path = Base.lproj/Main.storyboard; sourceTree = "<group>"; };
		3AC7B80021781AB400403DC0 /* EverythingInCoreData.xcdatamodel */ = {isa = PBXFileReference; lastKnownFileType = wrapper.xcdatamodel; path = EverythingInCoreData.xcdatamodel; sourceTree = "<group>"; };
		3AC7B80221781AB500403DC0 /* Assets.xcassets */ = {isa = PBXFileReference; lastKnownFileType = folder.assetcatalog; path = Assets.xcassets; sourceTree = "<group>"; };
		3AC7B80521781AB500403DC0 /* Base */ = {isa = PBXFileReference; lastKnownFileType = file.storyboard; name = Base; path = Base.lproj/LaunchScreen.storyboard; sourceTree = "<group>"; };
		3AC7B80721781AB500403DC0 /* Info.plist */ = {isa = PBXFileReference; lastKnownFileType = text.plist.xml; path = Info.plist; sourceTree = "<group>"; };
		3AC7B80D2178248000403DC0 /* MyProfileVC.swift */ = {isa = PBXFileReference; lastKnownFileType = sourcecode.swift; path = MyProfileVC.swift; sourceTree = "<group>"; };
		3AC7B80F2178284400403DC0 /* man.png */ = {isa = PBXFileReference; lastKnownFileType = image.png; path = man.png; sourceTree = "<group>"; };
		A176C6AB217EFF2600056DAF /* InvestmentCell.swift */ = {isa = PBXFileReference; lastKnownFileType = sourcecode.swift; path = InvestmentCell.swift; sourceTree = "<group>"; };
		A176C6AD217EFFFD00056DAF /* InvestmentTableViewController.swift */ = {isa = PBXFileReference; lastKnownFileType = sourcecode.swift; path = InvestmentTableViewController.swift; sourceTree = "<group>"; };
		A1D540C2217DC95800235BB8 /* MyProfileCell.swift */ = {isa = PBXFileReference; lastKnownFileType = sourcecode.swift; path = MyProfileCell.swift; sourceTree = "<group>"; };
/* End PBXFileReference section */

/* Begin PBXFrameworksBuildPhase section */
		3AC7B7F221781AB400403DC0 /* Frameworks */ = {
			isa = PBXFrameworksBuildPhase;
			buildActionMask = 2147483647;
			files = (
			);
			runOnlyForDeploymentPostprocessing = 0;
		};
/* End PBXFrameworksBuildPhase section */

/* Begin PBXGroup section */
		3A4DFF012179A612002F11BB /* coreDataModel */ = {
			isa = PBXGroup;
			children = (
				3A99BB672178FBA200CD3A1A /* Investment+CoreDataClass.swift */,
				3A99BB682178FBA200CD3A1A /* Investment+CoreDataProperties.swift */,
				3A99BB692178FBA200CD3A1A /* Profile+CoreDataClass.swift */,
				3A99BB6A2178FBA200CD3A1A /* Profile+CoreDataProperties.swift */,
				3A99BB6B2178FBA200CD3A1A /* Friend+CoreDataClass.swift */,
				3A99BB6C2178FBA200CD3A1A /* Friend+CoreDataProperties.swift */,
			);
			path = coreDataModel;
			sourceTree = "<group>";
		};
		3AC7B7EC21781AB400403DC0 = {
			isa = PBXGroup;
			children = (
				3AC7B7F721781AB400403DC0 /* EverythingInCoreData */,
				3AC7B7F621781AB400403DC0 /* Products */,
			);
			sourceTree = "<group>";
		};
		3AC7B7F621781AB400403DC0 /* Products */ = {
			isa = PBXGroup;
			children = (
				3AC7B7F521781AB400403DC0 /* EverythingInCoreData.app */,
			);
			name = Products;
			sourceTree = "<group>";
		};
		3AC7B7F721781AB400403DC0 /* EverythingInCoreData */ = {
			isa = PBXGroup;
			children = (
				A1D540C1217DC92600235BB8 /* cell */,
				3A4DFF012179A612002F11BB /* coreDataModel */,
				3AC7B7F821781AB400403DC0 /* AppDelegate.swift */,
				3AC7B7FA21781AB400403DC0 /* LoginVC.swift */,
				3AC7B7FC21781AB400403DC0 /* Main.storyboard */,
				3AC7B80221781AB500403DC0 /* Assets.xcassets */,
				3AC7B80421781AB500403DC0 /* LaunchScreen.storyboard */,
				3AC7B80721781AB500403DC0 /* Info.plist */,
				3AC7B7FF21781AB400403DC0 /* EverythingInCoreData.xcdatamodeld */,
				3AC7B80F2178284400403DC0 /* man.png */,
				3AC7B80D2178248000403DC0 /* MyProfileVC.swift */,
				3A99BB342178EF7C00CD3A1A /* CreateProfileVC.swift */,
				3A4DFEFF21798E24002F11BB /* CoreDataManager.swift */,
				3A6875A9217B4C6B007384BC /* FRIENDSVC.swift */,
				A176C6AD217EFFFD00056DAF /* InvestmentTableViewController.swift */,
				3A910B36217F7CD2003444DE /* ProfileTableViewController.swift */,
			);
			path = EverythingInCoreData;
			sourceTree = "<group>";
		};
		A1D540C1217DC92600235BB8 /* cell */ = {
			isa = PBXGroup;
			children = (
				3A6875AB217B5678007384BC /* FriendsCell.swift */,
				A1D540C2217DC95800235BB8 /* MyProfileCell.swift */,
				A176C6AB217EFF2600056DAF /* InvestmentCell.swift */,
			);
			path = cell;
			sourceTree = "<group>";
		};
/* End PBXGroup section */

/* Begin PBXNativeTarget section */
		3AC7B7F421781AB400403DC0 /* EverythingInCoreData */ = {
			isa = PBXNativeTarget;
			buildConfigurationList = 3AC7B80A21781AB500403DC0 /* Build configuration list for PBXNativeTarget "EverythingInCoreData" */;
			buildPhases = (
				3AC7B7F121781AB400403DC0 /* Sources */,
				3AC7B7F221781AB400403DC0 /* Frameworks */,
				3AC7B7F321781AB400403DC0 /* Resources */,
			);
			buildRules = (
			);
			dependencies = (
			);
			name = EverythingInCoreData;
			productName = EverythingInCoreData;
			productReference = 3AC7B7F521781AB400403DC0 /* EverythingInCoreData.app */;
			productType = "com.apple.product-type.application";
		};
/* End PBXNativeTarget section */

/* Begin PBXProject section */
		3AC7B7ED21781AB400403DC0 /* Project object */ = {
			isa = PBXProject;
			attributes = {
				LastSwiftUpdateCheck = 1000;
				LastUpgradeCheck = 1000;
				ORGANIZATIONNAME = "saket bhushan";
				TargetAttributes = {
					3AC7B7F421781AB400403DC0 = {
						CreatedOnToolsVersion = 10.0;
					};
				};
			};
			buildConfigurationList = 3AC7B7F021781AB400403DC0 /* Build configuration list for PBXProject "EverythingInCoreData" */;
			compatibilityVersion = "Xcode 9.3";
			developmentRegion = en;
			hasScannedForEncodings = 0;
			knownRegions = (
				en,
				Base,
			);
			mainGroup = 3AC7B7EC21781AB400403DC0;
			productRefGroup = 3AC7B7F621781AB400403DC0 /* Products */;
			projectDirPath = "";
			projectRoot = "";
			targets = (
				3AC7B7F421781AB400403DC0 /* EverythingInCoreData */,
			);
		};
/* End PBXProject section */

/* Begin PBXResourcesBuildPhase section */
		3AC7B7F321781AB400403DC0 /* Resources */ = {
			isa = PBXResourcesBuildPhase;
			buildActionMask = 2147483647;
			files = (
				3AC7B80621781AB500403DC0 /* LaunchScreen.storyboard in Resources */,
				3AC7B80321781AB500403DC0 /* Assets.xcassets in Resources */,
				3AC7B7FE21781AB400403DC0 /* Main.storyboard in Resources */,
				3AC7B8102178284500403DC0 /* man.png in Resources */,
			);
			runOnlyForDeploymentPostprocessing = 0;
		};
/* End PBXResourcesBuildPhase section */

/* Begin PBXSourcesBuildPhase section */
		3AC7B7F121781AB400403DC0 /* Sources */ = {
			isa = PBXSourcesBuildPhase;
			buildActionMask = 2147483647;
			files = (
				3A910B37217F7CD2003444DE /* ProfileTableViewController.swift in Sources */,
				3A99BB6E2178FBA200CD3A1A /* Investment+CoreDataProperties.swift in Sources */,
				3A99BB712178FBA200CD3A1A /* Friend+CoreDataClass.swift in Sources */,
				3A6875AA217B4C6B007384BC /* FRIENDSVC.swift in Sources */,
				3A99BB722178FBA200CD3A1A /* Friend+CoreDataProperties.swift in Sources */,
				3A99BB6D2178FBA200CD3A1A /* Investment+CoreDataClass.swift in Sources */,
				3A99BB352178EF7C00CD3A1A /* CreateProfileVC.swift in Sources */,
				3A99BB6F2178FBA200CD3A1A /* Profile+CoreDataClass.swift in Sources */,
				3A4DFF0021798E24002F11BB /* CoreDataManager.swift in Sources */,
				3AC7B80E2178248000403DC0 /* MyProfileVC.swift in Sources */,
				3AC7B7FB21781AB400403DC0 /* LoginVC.swift in Sources */,
				3AC7B7F921781AB400403DC0 /* AppDelegate.swift in Sources */,
				3A99BB702178FBA200CD3A1A /* Profile+CoreDataProperties.swift in Sources */,
				A1D540C3217DC95800235BB8 /* MyProfileCell.swift in Sources */,
				A176C6AE217EFFFD00056DAF /* InvestmentTableViewController.swift in Sources */,
				3AC7B80121781AB400403DC0 /* EverythingInCoreData.xcdatamodeld in Sources */,
				A176C6AC217EFF2600056DAF /* InvestmentCell.swift in Sources */,
				3A6875AC217B5678007384BC /* FriendsCell.swift in Sources */,
			);
			runOnlyForDeploymentPostprocessing = 0;
		};
/* End PBXSourcesBuildPhase section */

/* Begin PBXVariantGroup section */
		3AC7B7FC21781AB400403DC0 /* Main.storyboard */ = {
			isa = PBXVariantGroup;
			children = (
				3AC7B7FD21781AB400403DC0 /* Base */,
			);
			name = Main.storyboard;
			sourceTree = "<group>";
		};
		3AC7B80421781AB500403DC0 /* LaunchScreen.storyboard */ = {
			isa = PBXVariantGroup;
			children = (
				3AC7B80521781AB500403DC0 /* Base */,
			);
			name = LaunchScreen.storyboard;
			sourceTree = "<group>";
		};
/* End PBXVariantGroup section */

/* Begin XCBuildConfiguration section */
		3AC7B80821781AB500403DC0 /* Debug */ = {
			isa = XCBuildConfiguration;
			buildSettings = {
				ALWAYS_SEARCH_USER_PATHS = NO;
				CLANG_ANALYZER_NONNULL = YES;
				CLANG_ANALYZER_NUMBER_OBJECT_CONVERSION = YES_AGGRESSIVE;
				CLANG_CXX_LANGUAGE_STANDARD = "gnu++14";
				CLANG_CXX_LIBRARY = "libc++";
				CLANG_ENABLE_MODULES = YES;
				CLANG_ENABLE_OBJC_ARC = YES;
				CLANG_ENABLE_OBJC_WEAK = YES;
				CLANG_WARN_BLOCK_CAPTURE_AUTORELEASING = YES;
				CLANG_WARN_BOOL_CONVERSION = YES;
				CLANG_WARN_COMMA = YES;
				CLANG_WARN_CONSTANT_CONVERSION = YES;
				CLANG_WARN_DEPRECATED_OBJC_IMPLEMENTATIONS = YES;
				CLANG_WARN_DIRECT_OBJC_ISA_USAGE = YES_ERROR;
				CLANG_WARN_DOCUMENTATION_COMMENTS = YES;
				CLANG_WARN_EMPTY_BODY = YES;
				CLANG_WARN_ENUM_CONVERSION = YES;
				CLANG_WARN_INFINITE_RECURSION = YES;
				CLANG_WARN_INT_CONVERSION = YES;
				CLANG_WARN_NON_LITERAL_NULL_CONVERSION = YES;
				CLANG_WARN_OBJC_IMPLICIT_RETAIN_SELF = YES;
				CLANG_WARN_OBJC_LITERAL_CONVERSION = YES;
				CLANG_WARN_OBJC_ROOT_CLASS = YES_ERROR;
				CLANG_WARN_RANGE_LOOP_ANALYSIS = YES;
				CLANG_WARN_STRICT_PROTOTYPES = YES;
				CLANG_WARN_SUSPICIOUS_MOVE = YES;
				CLANG_WARN_UNGUARDED_AVAILABILITY = YES_AGGRESSIVE;
				CLANG_WARN_UNREACHABLE_CODE = YES;
				CLANG_WARN__DUPLICATE_METHOD_MATCH = YES;
				CODE_SIGN_IDENTITY = "iPhone Developer";
				COPY_PHASE_STRIP = NO;
				DEBUG_INFORMATION_FORMAT = dwarf;
				ENABLE_STRICT_OBJC_MSGSEND = YES;
				ENABLE_TESTABILITY = YES;
				GCC_C_LANGUAGE_STANDARD = gnu11;
				GCC_DYNAMIC_NO_PIC = NO;
				GCC_NO_COMMON_BLOCKS = YES;
				GCC_OPTIMIZATION_LEVEL = 0;
				GCC_PREPROCESSOR_DEFINITIONS = (
					"DEBUG=1",
					"$(inherited)",
				);
				GCC_WARN_64_TO_32_BIT_CONVERSION = YES;
				GCC_WARN_ABOUT_RETURN_TYPE = YES_ERROR;
				GCC_WARN_UNDECLARED_SELECTOR = YES;
				GCC_WARN_UNINITIALIZED_AUTOS = YES_AGGRESSIVE;
				GCC_WARN_UNUSED_FUNCTION = YES;
				GCC_WARN_UNUSED_VARIABLE = YES;
				IPHONEOS_DEPLOYMENT_TARGET = 12.0;
				MTL_ENABLE_DEBUG_INFO = INCLUDE_SOURCE;
				MTL_FAST_MATH = YES;
				ONLY_ACTIVE_ARCH = YES;
				SDKROOT = iphoneos;
				SWIFT_ACTIVE_COMPILATION_CONDITIONS = DEBUG;
				SWIFT_OPTIMIZATION_LEVEL = "-Onone";
			};
			name = Debug;
		};
		3AC7B80921781AB500403DC0 /* Release */ = {
			isa = XCBuildConfiguration;
			buildSettings = {
				ALWAYS_SEARCH_USER_PATHS = NO;
				CLANG_ANALYZER_NONNULL = YES;
				CLANG_ANALYZER_NUMBER_OBJECT_CONVERSION = YES_AGGRESSIVE;
				CLANG_CXX_LANGUAGE_STANDARD = "gnu++14";
				CLANG_CXX_LIBRARY = "libc++";
				CLANG_ENABLE_MODULES = YES;
				CLANG_ENABLE_OBJC_ARC = YES;
				CLANG_ENABLE_OBJC_WEAK = YES;
				CLANG_WARN_BLOCK_CAPTURE_AUTORELEASING = YES;
				CLANG_WARN_BOOL_CONVERSION = YES;
				CLANG_WARN_COMMA = YES;
				CLANG_WARN_CONSTANT_CONVERSION = YES;
				CLANG_WARN_DEPRECATED_OBJC_IMPLEMENTATIONS = YES;
				CLANG_WARN_DIRECT_OBJC_ISA_USAGE = YES_ERROR;
				CLANG_WARN_DOCUMENTATION_COMMENTS = YES;
				CLANG_WARN_EMPTY_BODY = YES;
				CLANG_WARN_ENUM_CONVERSION = YES;
				CLANG_WARN_INFINITE_RECURSION = YES;
				CLANG_WARN_INT_CONVERSION = YES;
				CLANG_WARN_NON_LITERAL_NULL_CONVERSION = YES;
				CLANG_WARN_OBJC_IMPLICIT_RETAIN_SELF = YES;
				CLANG_WARN_OBJC_LITERAL_CONVERSION = YES;
				CLANG_WARN_OBJC_ROOT_CLASS = YES_ERROR;
				CLANG_WARN_RANGE_LOOP_ANALYSIS = YES;
				CLANG_WARN_STRICT_PROTOTYPES = YES;
				CLANG_WARN_SUSPICIOUS_MOVE = YES;
				CLANG_WARN_UNGUARDED_AVAILABILITY = YES_AGGRESSIVE;
				CLANG_WARN_UNREACHABLE_CODE = YES;
				CLANG_WARN__DUPLICATE_METHOD_MATCH = YES;
				CODE_SIGN_IDENTITY = "iPhone Developer";
				COPY_PHASE_STRIP = NO;
				DEBUG_INFORMATION_FORMAT = "dwarf-with-dsym";
				ENABLE_NS_ASSERTIONS = NO;
				ENABLE_STRICT_OBJC_MSGSEND = YES;
				GCC_C_LANGUAGE_STANDARD = gnu11;
				GCC_NO_COMMON_BLOCKS = YES;
				GCC_WARN_64_TO_32_BIT_CONVERSION = YES;
				GCC_WARN_ABOUT_RETURN_TYPE = YES_ERROR;
				GCC_WARN_UNDECLARED_SELECTOR = YES;
				GCC_WARN_UNINITIALIZED_AUTOS = YES_AGGRESSIVE;
				GCC_WARN_UNUSED_FUNCTION = YES;
				GCC_WARN_UNUSED_VARIABLE = YES;
				IPHONEOS_DEPLOYMENT_TARGET = 12.0;
				MTL_ENABLE_DEBUG_INFO = NO;
				MTL_FAST_MATH = YES;
				SDKROOT = iphoneos;
				SWIFT_COMPILATION_MODE = wholemodule;
				SWIFT_OPTIMIZATION_LEVEL = "-O";
				VALIDATE_PRODUCT = YES;
			};
			name = Release;
		};
		3AC7B80B21781AB500403DC0 /* Debug */ = {
			isa = XCBuildConfiguration;
			buildSettings = {
				ASSETCATALOG_COMPILER_APPICON_NAME = AppIcon;
				CODE_SIGN_STYLE = Automatic;
				DEVELOPMENT_TEAM = 69ZQ3P494A;
				INFOPLIST_FILE = EverythingInCoreData/Info.plist;
				LD_RUNPATH_SEARCH_PATHS = (
					"$(inherited)",
					"@executable_path/Frameworks",
				);
				PRODUCT_BUNDLE_IDENTIFIER = com.saket.EverythingInCoreData;
				PRODUCT_NAME = "$(TARGET_NAME)";
				SWIFT_VERSION = 4.2;
				TARGETED_DEVICE_FAMILY = "1,2";
			};
			name = Debug;
		};
		3AC7B80C21781AB500403DC0 /* Release */ = {
			isa = XCBuildConfiguration;
			buildSettings = {
				ASSETCATALOG_COMPILER_APPICON_NAME = AppIcon;
				CODE_SIGN_STYLE = Automatic;
				DEVELOPMENT_TEAM = 69ZQ3P494A;
				INFOPLIST_FILE = EverythingInCoreData/Info.plist;
				LD_RUNPATH_SEARCH_PATHS = (
					"$(inherited)",
					"@executable_path/Frameworks",
				);
				PRODUCT_BUNDLE_IDENTIFIER = com.saket.EverythingInCoreData;
				PRODUCT_NAME = "$(TARGET_NAME)";
				SWIFT_VERSION = 4.2;
				TARGETED_DEVICE_FAMILY = "1,2";
			};
			name = Release;
		};
/* End XCBuildConfiguration section */

/* Begin XCConfigurationList section */
		3AC7B7F021781AB400403DC0 /* Build configuration list for PBXProject "EverythingInCoreData" */ = {
			isa = XCConfigurationList;
			buildConfigurations = (
				3AC7B80821781AB500403DC0 /* Debug */,
				3AC7B80921781AB500403DC0 /* Release */,
			);
			defaultConfigurationIsVisible = 0;
			defaultConfigurationName = Release;
		};
		3AC7B80A21781AB500403DC0 /* Build configuration list for PBXNativeTarget "EverythingInCoreData" */ = {
			isa = XCConfigurationList;
			buildConfigurations = (
				3AC7B80B21781AB500403DC0 /* Debug */,
				3AC7B80C21781AB500403DC0 /* Release */,
			);
			defaultConfigurationIsVisible = 0;
			defaultConfigurationName = Release;
		};
/* End XCConfigurationList section */

/* Begin XCVersionGroup section */
		3AC7B7FF21781AB400403DC0 /* EverythingInCoreData.xcdatamodeld */ = {
			isa = XCVersionGroup;
			children = (
				3AC7B80021781AB400403DC0 /* EverythingInCoreData.xcdatamodel */,
			);
			currentVersion = 3AC7B80021781AB400403DC0 /* EverythingInCoreData.xcdatamodel */;
			path = EverythingInCoreData.xcdatamodeld;
			sourceTree = "<group>";
			versionGroupType = wrapper.xcdatamodel;
		};
/* End XCVersionGroup section */
	};
	rootObject = 3AC7B7ED21781AB400403DC0 /* Project object */;
}
